Microsoft Visual Studio Solution File, Format Version 7.00
Project("{8BC9CEB8-8B4A-11D0-8D11-00A0C91BC942}") = "Exercise 1A", "Exercise 1A.vcproj", "{3F552A33-A1A9-4F79-A836-E821CE7CE291}"
EndProject
Global
	GlobalSection(SolutionConfiguration) = preSolution
		ConfigName.0 = Debug
		ConfigName.1 = Release
	EndGlobalSection
	GlobalSection(ProjectDependencies) = postSolution
	EndGlobalSection
	GlobalSection(ProjectConfiguration) = postSolution
		{3F552A33-A1A9-4F79-A836-E821CE7CE291}.Debug.ActiveCfg = Debug|Win32
		{3F552A33-A1A9-4F79-A836-E821CE7CE291}.Debug.Build.0 = Debug|Win32
		{3F552A33-A1A9-4F79-A836-E821CE7CE291}.Release.ActiveCfg = Release|Win32
		{3F552A33-A1A9-4F79-A836-E821CE7CE291}.Release.Build.0 = Release|Win32
	EndGlobalSection
	GlobalSection(ExtensibilityGlobals) = postSolution
	EndGlobalSection
	GlobalSection(ExtensibilityAddIns) = postSolution
	EndGlobalSection
EndGlobal
