Microsoft Visual Studio Solution File, Format Version 7.00
Project("{8BC9CEB8-8B4A-11D0-8D11-00A0C91BC942}") = "Exercise 3A", "Exercise 3A.vcproj", "{AF021D3C-3B3A-4A20-AA01-80BDFF945521}"
EndProject
Global
	GlobalSection(SolutionConfiguration) = preSolution
		ConfigName.0 = Debug
		ConfigName.1 = Release
	EndGlobalSection
	GlobalSection(ProjectDependencies) = postSolution
	EndGlobalSection
	GlobalSection(ProjectConfiguration) = postSolution
		{AF021D3C-3B3A-4A20-AA01-80BDFF945521}.Debug.ActiveCfg = Debug|Win32
		{AF021D3C-3B3A-4A20-AA01-80BDFF945521}.Debug.Build.0 = Debug|Win32
		{AF021D3C-3B3A-4A20-AA01-80BDFF945521}.Release.ActiveCfg = Release|Win32
		{AF021D3C-3B3A-4A20-AA01-80BDFF945521}.Release.Build.0 = Release|Win32
	EndGlobalSection
	GlobalSection(ExtensibilityGlobals) = postSolution
	EndGlobalSection
	GlobalSection(ExtensibilityAddIns) = postSolution
	EndGlobalSection
EndGlobal
