Microsoft Visual Studio Solution File, Format Version 7.00
Project("{8BC9CEB8-8B4A-11D0-8D11-00A0C91BC942}") = "Exercise 3C", "Exercise 3C.vcproj", "{63E2C8A8-5F60-412B-8547-65BF4221D334}"
EndProject
Global
	GlobalSection(SolutionConfiguration) = preSolution
		ConfigName.0 = Debug
		ConfigName.1 = Release
	EndGlobalSection
	GlobalSection(ProjectDependencies) = postSolution
	EndGlobalSection
	GlobalSection(ProjectConfiguration) = postSolution
		{63E2C8A8-5F60-412B-8547-65BF4221D334}.Debug.ActiveCfg = Debug|Win32
		{63E2C8A8-5F60-412B-8547-65BF4221D334}.Debug.Build.0 = Debug|Win32
		{63E2C8A8-5F60-412B-8547-65BF4221D334}.Release.ActiveCfg = Release|Win32
		{63E2C8A8-5F60-412B-8547-65BF4221D334}.Release.Build.0 = Release|Win32
	EndGlobalSection
	GlobalSection(ExtensibilityGlobals) = postSolution
	EndGlobalSection
	GlobalSection(ExtensibilityAddIns) = postSolution
	EndGlobalSection
EndGlobal
