Microsoft Visual Studio Solution File, Format Version 7.00
Project("{8BC9CEB8-8B4A-11D0-8D11-00A0C91BC942}") = "Assignment 2", "Assignment 2.vcproj", "{D015E926-9C3D-4471-9E20-70E2B16CE7AA}"
EndProject
Global
	GlobalSection(SolutionConfiguration) = preSolution
		ConfigName.0 = Debug
		ConfigName.1 = Release
	EndGlobalSection
	GlobalSection(ProjectDependencies) = postSolution
	EndGlobalSection
	GlobalSection(ProjectConfiguration) = postSolution
		{D015E926-9C3D-4471-9E20-70E2B16CE7AA}.Debug.ActiveCfg = Debug|Win32
		{D015E926-9C3D-4471-9E20-70E2B16CE7AA}.Debug.Build.0 = Debug|Win32
		{D015E926-9C3D-4471-9E20-70E2B16CE7AA}.Release.ActiveCfg = Release|Win32
		{D015E926-9C3D-4471-9E20-70E2B16CE7AA}.Release.Build.0 = Release|Win32
	EndGlobalSection
	GlobalSection(ExtensibilityGlobals) = postSolution
	EndGlobalSection
	GlobalSection(ExtensibilityAddIns) = postSolution
	EndGlobalSection
EndGlobal
